Microsoft Visual Studio Solution File, Format Version 12.00
# Visual Studio Version 17
VisualStudioVersion = 17.5.2.0
MinimumVisualStudioVersion = 10.0.40219.1
Project("{FAE04EC0-301F-11D3-BF4B-00C04F79EFBC}") = "-ng-d-ng-chuy-n-i-ti-n-t-", "-ng-d-ng-chuy-n-i-ti-n-t-.csproj", "{08866617-F360-123F-4BE0-03D1F6C182FD}"
EndProject
Global
	GlobalSection(SolutionConfigurationPlatforms) = preSolution
		Debug|Any CPU = Debug|Any CPU
		Release|Any CPU = Release|Any CPU
	EndGlobalSection
	GlobalSection(ProjectConfigurationPlatforms) = postSolution
		{08866617-F360-123F-4BE0-03D1F6C182FD}.Debug|Any CPU.ActiveCfg = Debug|Any CPU
		{08866617-F360-123F-4BE0-03D1F6C182FD}.Debug|Any CPU.Build.0 = Debug|Any CPU
		{08866617-F360-123F-4BE0-03D1F6C182FD}.Release|Any CPU.ActiveCfg = Release|Any CPU
		{08866617-F360-123F-4BE0-03D1F6C182FD}.Release|Any CPU.Build.0 = Release|Any CPU
	EndGlobalSection
	GlobalSection(SolutionProperties) = preSolution
		HideSolutionNode = FALSE
	EndGlobalSection
	GlobalSection(ExtensibilityGlobals) = postSolution
		SolutionGuid = {57689DDB-41D2-473C-8C60-8F5FFB7B5EFD}
	EndGlobalSection
EndGlobal
